// !$*UTF8*$!
{
	archiveVersion = 1;
	classes = {
	};
	objectVersion = 55;
	objects = {

/* Begin PBXBuildFile section */
		39AEF05BF4D6F76FA2EB65F7 /* Pods_HJNetworkDemo_HJNetworkDemoUITests.framework in Frameworks */ = {isa = PBXBuildFile; fileRef = 4685473EF44CC83837A7824F /* Pods_HJNetworkDemo_HJNetworkDemoUITests.framework */; };
		550ED6A42BC5440800C349FB /* HJUploadCustomConfig.m in Sources */ = {isa = PBXBuildFile; fileRef = 550ED6A32BC5440800C349FB /* HJUploadCustomConfig.m */; };
		55135DD228D179A80028CA16 /* gamker.mp4 in Resources */ = {isa = PBXBuildFile; fileRef = 55135DD128D179A80028CA16 /* gamker.mp4 */; };
		5515C0462893DB060008C0CE /* head.jpeg in Resources */ = {isa = PBXBuildFile; fileRef = 5515C0452893DB060008C0CE /* head.jpeg */; };
		5521D95A28911FAA00F85AB4 /* DMHTTPRequest.m in Sources */ = {isa = PBXBuildFile; fileRef = 5521D95928911FAA00F85AB4 /* DMHTTPRequest.m */; };
		5521D95D2891299100F85AB4 /* DMDownloadRequest.m in Sources */ = {isa = PBXBuildFile; fileRef = 5521D95C2891299100F85AB4 /* DMDownloadRequest.m */; };
		5521D960289148F300F85AB4 /* DMUploadRequest.m in Sources */ = {isa = PBXBuildFile; fileRef = 5521D95F289148F300F85AB4 /* DMUploadRequest.m */; };
		5592ED9928BDE86F002A19D6 /* WKWebViewController.m in Sources */ = {isa = PBXBuildFile; fileRef = 5592ED9828BDE86F002A19D6 /* WKWebViewController.m */; };
		5592ED9C28BF2F4D002A19D6 /* DMURLProtocol.m in Sources */ = {isa = PBXBuildFile; fileRef = 5592ED9B28BF2F4D002A19D6 /* DMURLProtocol.m */; };
		55AF57A6283634A30073E550 /* Main.storyboard in Resources */ = {isa = PBXBuildFile; fileRef = 55AF57A4283634A30073E550 /* Main.storyboard */; };
		55AF57A8283634A50073E550 /* Assets.xcassets in Resources */ = {isa = PBXBuildFile; fileRef = 55AF57A7283634A50073E550 /* Assets.xcassets */; };
		55AF57AB283634A50073E550 /* LaunchScreen.storyboard in Resources */ = {isa = PBXBuildFile; fileRef = 55AF57A9283634A50073E550 /* LaunchScreen.storyboard */; };
		55AF57AE283634A50073E550 /* main.m in Sources */ = {isa = PBXBuildFile; fileRef = 55AF57AD283634A50073E550 /* main.m */; };
		55AF57B8283634A50073E550 /* HJNetworkDemoTests.m in Sources */ = {isa = PBXBuildFile; fileRef = 55AF57B7283634A50073E550 /* HJNetworkDemoTests.m */; };
		55AF57C2283634A50073E550 /* HJNetworkDemoUITests.m in Sources */ = {isa = PBXBuildFile; fileRef = 55AF57C1283634A50073E550 /* HJNetworkDemoUITests.m */; };
		55AF57C4283634A50073E550 /* HJNetworkDemoUITestsLaunchTests.m in Sources */ = {isa = PBXBuildFile; fileRef = 55AF57C3283634A50073E550 /* HJNetworkDemoUITestsLaunchTests.m */; };
		55AF57FF2836477B0073E550 /* DMBaseUrlFilter.m in Sources */ = {isa = PBXBuildFile; fileRef = 55AF57E72836477B0073E550 /* DMBaseUrlFilter.m */; };
		55AF58002836477B0073E550 /* DMBaseRequest.m in Sources */ = {isa = PBXBuildFile; fileRef = 55AF57E82836477B0073E550 /* DMBaseRequest.m */; };
		55AF58062836477B0073E550 /* AppDelegate.m in Sources */ = {isa = PBXBuildFile; fileRef = 55AF57F72836477B0073E550 /* AppDelegate.m */; };
		55AF580E283649640073E550 /* ViewController.m in Sources */ = {isa = PBXBuildFile; fileRef = 55AF580A283649640073E550 /* ViewController.m */; };
		55AF583028364B330073E550 /* HJBasicUrlFilter.m in Sources */ = {isa = PBXBuildFile; fileRef = 55AF581228364B330073E550 /* HJBasicUrlFilter.m */; };
		55AF583228364B330073E550 /* HJTestCase.m in Sources */ = {isa = PBXBuildFile; fileRef = 55AF581528364B330073E550 /* HJTestCase.m */; };
		55AF583328364B330073E550 /* HJConcurrencyTests.m in Sources */ = {isa = PBXBuildFile; fileRef = 55AF581628364B330073E550 /* HJConcurrencyTests.m */; };
		55AF583428364B330073E550 /* HJRequestFilterTests.m in Sources */ = {isa = PBXBuildFile; fileRef = 55AF581728364B330073E550 /* HJRequestFilterTests.m */; };
		55AF583528364B330073E550 /* HJNetworkRequestTests.m in Sources */ = {isa = PBXBuildFile; fileRef = 55AF581828364B330073E550 /* HJNetworkRequestTests.m */; };
		55AF583628364B330073E550 /* HJJSONValidatorTests.m in Sources */ = {isa = PBXBuildFile; fileRef = 55AF581A28364B330073E550 /* HJJSONValidatorTests.m */; };
		55AF583728364B330073E550 /* HJPerformanceTests.m in Sources */ = {isa = PBXBuildFile; fileRef = 55AF581B28364B330073E550 /* HJPerformanceTests.m */; };
		55AF583828364B330073E550 /* HJResumableDownloadTests.m in Sources */ = {isa = PBXBuildFile; fileRef = 55AF581C28364B330073E550 /* HJResumableDownloadTests.m */; };
		55AF583928364B330073E550 /* HJTimeoutRequest.m in Sources */ = {isa = PBXBuildFile; fileRef = 55AF581E28364B330073E550 /* HJTimeoutRequest.m */; };
		55AF583A28364B330073E550 /* HJStatusCodeValidatorRequest.m in Sources */ = {isa = PBXBuildFile; fileRef = 55AF582028364B330073E550 /* HJStatusCodeValidatorRequest.m */; };
		55AF583B28364B330073E550 /* HJBasicAuthRequest.m in Sources */ = {isa = PBXBuildFile; fileRef = 55AF582328364B330073E550 /* HJBasicAuthRequest.m */; };
		55AF583C28364B330073E550 /* HJCustomCacheRequest.m in Sources */ = {isa = PBXBuildFile; fileRef = 55AF582628364B330073E550 /* HJCustomCacheRequest.m */; };
		55AF583D28364B330073E550 /* HJJSONValidatorRequest.m in Sources */ = {isa = PBXBuildFile; fileRef = 55AF582728364B330073E550 /* HJJSONValidatorRequest.m */; };
		55AF583E28364B330073E550 /* HJXMLRequest.m in Sources */ = {isa = PBXBuildFile; fileRef = 55AF582A28364B330073E550 /* HJXMLRequest.m */; };
		55AF583F28364B330073E550 /* HJCustomHeaderFieldRequest.m in Sources */ = {isa = PBXBuildFile; fileRef = 55AF582B28364B330073E550 /* HJCustomHeaderFieldRequest.m */; };
		55AF584028364B330073E550 /* HJBasicHTTPRequest.m in Sources */ = {isa = PBXBuildFile; fileRef = 55AF582D28364B330073E550 /* HJBasicHTTPRequest.m */; };
		55AF584128364B330073E550 /* HJDownloadRequest.m in Sources */ = {isa = PBXBuildFile; fileRef = 55AF582F28364B330073E550 /* HJDownloadRequest.m */; };
		55B1BC172949CAEB005F4C8F /* movie.mp4 in Resources */ = {isa = PBXBuildFile; fileRef = 55B1BC162949CAEB005F4C8F /* movie.mp4 */; };
		55B838A0292368B100C62DFE /* DMDNSTest.m in Sources */ = {isa = PBXBuildFile; fileRef = 55B8389E292368B100C62DFE /* DMDNSTest.m */; };
		55CDCA0C296665CC004CFD5E /* DMCommonRequest.m in Sources */ = {isa = PBXBuildFile; fileRef = 55CDCA0B296665CC004CFD5E /* DMCommonRequest.m */; };
		55D41AAA289BAF5400B9283E /* ImageViewController.m in Sources */ = {isa = PBXBuildFile; fileRef = 55D41AA9289BAF5400B9283E /* ImageViewController.m */; };
		55D41AAF289D002B00B9283E /* test.txt in Resources */ = {isa = PBXBuildFile; fileRef = 55D41AAE289D002B00B9283E /* test.txt */; };
		55D41AB528A1FE4800B9283E /* DMSDWebImageOperation.m in Sources */ = {isa = PBXBuildFile; fileRef = 55D41AB428A1FE4800B9283E /* DMSDWebImageOperation.m */; };
		55F2878E28C71F3B00A96E88 /* HJUploadRequest.m in Sources */ = {isa = PBXBuildFile; fileRef = 55F2878D28C71F3B00A96E88 /* HJUploadRequest.m */; };
		55FAB01E29DE4E00006FFD8C /* DMSDWebImageManager.m in Sources */ = {isa = PBXBuildFile; fileRef = 55FAB01D29DE4E00006FFD8C /* DMSDWebImageManager.m */; };
		55FAB02129DE50FA006FFD8C /* UIImageView+DM.m in Sources */ = {isa = PBXBuildFile; fileRef = 55FAB02029DE50FA006FFD8C /* UIImageView+DM.m */; };
		55FB51202A3301BC00E9BC51 /* DMHTTPSessionManager.m in Sources */ = {isa = PBXBuildFile; fileRef = 55FB511F2A3301BC00E9BC51 /* DMHTTPSessionManager.m */; };
		C6F0D4B471DEE32041A690D5 /* Pods_HJNetworkDemo.framework in Frameworks */ = {isa = PBXBuildFile; fileRef = 15D8A66B59C34A2B0366C277 /* Pods_HJNetworkDemo.framework */; };
		E1DD08EFC7AD7A2B22037B50 /* Pods_HJNetworkDemoTests.framework in Frameworks */ = {isa = PBXBuildFile; fileRef = DB98D671979381DA2CFB2108 /* Pods_HJNetworkDemoTests.framework */; };
/* End PBXBuildFile section */

/* Begin PBXContainerItemProxy section */
		55AF57B4283634A50073E550 /* PBXContainerItemProxy */ = {
			isa = PBXContainerItemProxy;
			containerPortal = 55AF5790283634A30073E550 /* Project object */;
			proxyType = 1;
			remoteGlobalIDString = 55AF5797283634A30073E550;
			remoteInfo = HJNetworkDemo;
		};
		55AF57BE283634A50073E550 /* PBXContainerItemProxy */ = {
			isa = PBXContainerItemProxy;
			containerPortal = 55AF5790283634A30073E550 /* Project object */;
			proxyType = 1;
			remoteGlobalIDString = 55AF5797283634A30073E550;
			remoteInfo = HJNetworkDemo;
		};
/* End PBXContainerItemProxy section */

/* Begin PBXFileReference section */
		0BADB3133B3435204D6D8DF7 /* Pods-HJNetworkDemoTests.release.xcconfig */ = {isa = PBXFileReference; includeInIndex = 1; lastKnownFileType = text.xcconfig; name = "Pods-HJNetworkDemoTests.release.xcconfig"; path = "Target Support Files/Pods-HJNetworkDemoTests/Pods-HJNetworkDemoTests.release.xcconfig"; sourceTree = "<group>"; };
		15D8A66B59C34A2B0366C277 /* Pods_HJNetworkDemo.framework */ = {isa = PBXFileReference; explicitFileType = wrapper.framework; includeInIndex = 0; path = Pods_HJNetworkDemo.framework; sourceTree = BUILT_PRODUCTS_DIR; };
		2E3FCACAA1CC5AA8371EDE90 /* Pods-HJNetworkDemo-HJNetworkDemoUITests.release.xcconfig */ = {isa = PBXFileReference; includeInIndex = 1; lastKnownFileType = text.xcconfig; name = "Pods-HJNetworkDemo-HJNetworkDemoUITests.release.xcconfig"; path = "Target Support Files/Pods-HJNetworkDemo-HJNetworkDemoUITests/Pods-HJNetworkDemo-HJNetworkDemoUITests.release.xcconfig"; sourceTree = "<group>"; };
		4685473EF44CC83837A7824F /* Pods_HJNetworkDemo_HJNetworkDemoUITests.framework */ = {isa = PBXFileReference; explicitFileType = wrapper.framework; includeInIndex = 0; path = Pods_HJNetworkDemo_HJNetworkDemoUITests.framework; sourceTree = BUILT_PRODUCTS_DIR; };
		550ED6A22BC5440800C349FB /* HJUploadCustomConfig.h */ = {isa = PBXFileReference; lastKnownFileType = sourcecode.c.h; path = HJUploadCustomConfig.h; sourceTree = "<group>"; };
		550ED6A32BC5440800C349FB /* HJUploadCustomConfig.m */ = {isa = PBXFileReference; lastKnownFileType = sourcecode.c.objc; path = HJUploadCustomConfig.m; sourceTree = "<group>"; };
		55135DD128D179A80028CA16 /* gamker.mp4 */ = {isa = PBXFileReference; lastKnownFileType = file; path = gamker.mp4; sourceTree = "<group>"; };
		5515C0452893DB060008C0CE /* head.jpeg */ = {isa = PBXFileReference; lastKnownFileType = image.jpeg; path = head.jpeg; sourceTree = "<group>"; };
		5521D95828911FAA00F85AB4 /* DMHTTPRequest.h */ = {isa = PBXFileReference; lastKnownFileType = sourcecode.c.h; path = DMHTTPRequest.h; sourceTree = "<group>"; };
		5521D95928911FAA00F85AB4 /* DMHTTPRequest.m */ = {isa = PBXFileReference; lastKnownFileType = sourcecode.c.objc; path = DMHTTPRequest.m; sourceTree = "<group>"; };
		5521D95B2891299100F85AB4 /* DMDownloadRequest.h */ = {isa = PBXFileReference; lastKnownFileType = sourcecode.c.h; path = DMDownloadRequest.h; sourceTree = "<group>"; };
		5521D95C2891299100F85AB4 /* DMDownloadRequest.m */ = {isa = PBXFileReference; lastKnownFileType = sourcecode.c.objc; path = DMDownloadRequest.m; sourceTree = "<group>"; };
		5521D95E289148F300F85AB4 /* DMUploadRequest.h */ = {isa = PBXFileReference; lastKnownFileType = sourcecode.c.h; path = DMUploadRequest.h; sourceTree = "<group>"; };
		5521D95F289148F300F85AB4 /* DMUploadRequest.m */ = {isa = PBXFileReference; lastKnownFileType = sourcecode.c.objc; path = DMUploadRequest.m; sourceTree = "<group>"; };
		5592ED9728BDE86F002A19D6 /* WKWebViewController.h */ = {isa = PBXFileReference; lastKnownFileType = sourcecode.c.h; path = WKWebViewController.h; sourceTree = "<group>"; };
		5592ED9828BDE86F002A19D6 /* WKWebViewController.m */ = {isa = PBXFileReference; lastKnownFileType = sourcecode.c.objc; path = WKWebViewController.m; sourceTree = "<group>"; };
		5592ED9A28BF2F4D002A19D6 /* DMURLProtocol.h */ = {isa = PBXFileReference; lastKnownFileType = sourcecode.c.h; path = DMURLProtocol.h; sourceTree = "<group>"; };
		5592ED9B28BF2F4D002A19D6 /* DMURLProtocol.m */ = {isa = PBXFileReference; lastKnownFileType = sourcecode.c.objc; path = DMURLProtocol.m; sourceTree = "<group>"; };
		55AF5798283634A30073E550 /* HJNetworkDemo.app */ = {isa = PBXFileReference; explicitFileType = wrapper.application; includeInIndex = 0; path = HJNetworkDemo.app; sourceTree = BUILT_PRODUCTS_DIR; };
		55AF57A5283634A30073E550 /* Base */ = {isa = PBXFileReference; lastKnownFileType = file.storyboard; name = Base; path = Base.lproj/Main.storyboard; sourceTree = "<group>"; };
		55AF57A7283634A50073E550 /* Assets.xcassets */ = {isa = PBXFileReference; lastKnownFileType = folder.assetcatalog; path = Assets.xcassets; sourceTree = "<group>"; };
		55AF57AA283634A50073E550 /* Base */ = {isa = PBXFileReference; lastKnownFileType = file.storyboard; name = Base; path = Base.lproj/LaunchScreen.storyboard; sourceTree = "<group>"; };
		55AF57AC283634A50073E550 /* Info.plist */ = {isa = PBXFileReference; lastKnownFileType = text.plist.xml; path = Info.plist; sourceTree = "<group>"; };
		55AF57AD283634A50073E550 /* main.m */ = {isa = PBXFileReference; lastKnownFileType = sourcecode.c.objc; path = main.m; sourceTree = "<group>"; };
		55AF57B3283634A50073E550 /* HJNetworkDemoTests.xctest */ = {isa = PBXFileReference; explicitFileType = wrapper.cfbundle; includeInIndex = 0; path = HJNetworkDemoTests.xctest; sourceTree = BUILT_PRODUCTS_DIR; };
		55AF57B7283634A50073E550 /* HJNetworkDemoTests.m */ = {isa = PBXFileReference; lastKnownFileType = sourcecode.c.objc; path = HJNetworkDemoTests.m; sourceTree = "<group>"; };
		55AF57BD283634A50073E550 /* HJNetworkDemoUITests.xctest */ = {isa = PBXFileReference; explicitFileType = wrapper.cfbundle; includeInIndex = 0; path = HJNetworkDemoUITests.xctest; sourceTree = BUILT_PRODUCTS_DIR; };
		55AF57C1283634A50073E550 /* HJNetworkDemoUITests.m */ = {isa = PBXFileReference; lastKnownFileType = sourcecode.c.objc; path = HJNetworkDemoUITests.m; sourceTree = "<group>"; };
		55AF57C3283634A50073E550 /* HJNetworkDemoUITestsLaunchTests.m */ = {isa = PBXFileReference; lastKnownFileType = sourcecode.c.objc; path = HJNetworkDemoUITestsLaunchTests.m; sourceTree = "<group>"; };
		55AF57E52836477A0073E550 /* DMBaseUrlFilter.h */ = {isa = PBXFileReference; fileEncoding = 4; lastKnownFileType = sourcecode.c.h; path = DMBaseUrlFilter.h; sourceTree = "<group>"; };
		55AF57E62836477B0073E550 /* DMBaseRequest.h */ = {isa = PBXFileReference; fileEncoding = 4; lastKnownFileType = sourcecode.c.h; path = DMBaseRequest.h; sourceTree = "<group>"; };
		55AF57E72836477B0073E550 /* DMBaseUrlFilter.m */ = {isa = PBXFileReference; fileEncoding = 4; lastKnownFileType = sourcecode.c.objc; path = DMBaseUrlFilter.m; sourceTree = "<group>"; };
		55AF57E82836477B0073E550 /* DMBaseRequest.m */ = {isa = PBXFileReference; fileEncoding = 4; lastKnownFileType = sourcecode.c.objc; path = DMBaseRequest.m; sourceTree = "<group>"; };
		55AF57EA2836477B0073E550 /* DMInlineHeader.h */ = {isa = PBXFileReference; fileEncoding = 4; lastKnownFileType = sourcecode.c.h; path = DMInlineHeader.h; sourceTree = "<group>"; };
		55AF57F52836477B0073E550 /* AppDelegate.h */ = {isa = PBXFileReference; fileEncoding = 4; lastKnownFileType = sourcecode.c.h; path = AppDelegate.h; sourceTree = "<group>"; };
		55AF57F72836477B0073E550 /* AppDelegate.m */ = {isa = PBXFileReference; fileEncoding = 4; lastKnownFileType = sourcecode.c.objc; path = AppDelegate.m; sourceTree = "<group>"; };
		55AF580A283649640073E550 /* ViewController.m */ = {isa = PBXFileReference; fileEncoding = 4; lastKnownFileType = sourcecode.c.objc; path = ViewController.m; sourceTree = "<group>"; };
		55AF580C283649640073E550 /* ViewController.h */ = {isa = PBXFileReference; fileEncoding = 4; lastKnownFileType = sourcecode.c.h; path = ViewController.h; sourceTree = "<group>"; };
		55AF581128364B330073E550 /* HJBasicUrlFilter.h */ = {isa = PBXFileReference; fileEncoding = 4; lastKnownFileType = sourcecode.c.h; path = HJBasicUrlFilter.h; sourceTree = "<group>"; };
		55AF581228364B330073E550 /* HJBasicUrlFilter.m */ = {isa = PBXFileReference; fileEncoding = 4; lastKnownFileType = sourcecode.c.objc; path = HJBasicUrlFilter.m; sourceTree = "<group>"; };
		55AF581528364B330073E550 /* HJTestCase.m */ = {isa = PBXFileReference; fileEncoding = 4; lastKnownFileType = sourcecode.c.objc; path = HJTestCase.m; sourceTree = "<group>"; };
		55AF581628364B330073E550 /* HJConcurrencyTests.m */ = {isa = PBXFileReference; fileEncoding = 4; lastKnownFileType = sourcecode.c.objc; path = HJConcurrencyTests.m; sourceTree = "<group>"; };
		55AF581728364B330073E550 /* HJRequestFilterTests.m */ = {isa = PBXFileReference; fileEncoding = 4; lastKnownFileType = sourcecode.c.objc; path = HJRequestFilterTests.m; sourceTree = "<group>"; };
		55AF581828364B330073E550 /* HJNetworkRequestTests.m */ = {isa = PBXFileReference; fileEncoding = 4; lastKnownFileType = sourcecode.c.objc; path = HJNetworkRequestTests.m; sourceTree = "<group>"; };
		55AF581928364B330073E550 /* HJTestCase.h */ = {isa = PBXFileReference; fileEncoding = 4; lastKnownFileType = sourcecode.c.h; path = HJTestCase.h; sourceTree = "<group>"; };
		55AF581A28364B330073E550 /* HJJSONValidatorTests.m */ = {isa = PBXFileReference; fileEncoding = 4; lastKnownFileType = sourcecode.c.objc; path = HJJSONValidatorTests.m; sourceTree = "<group>"; };
		55AF581B28364B330073E550 /* HJPerformanceTests.m */ = {isa = PBXFileReference; fileEncoding = 4; lastKnownFileType = sourcecode.c.objc; path = HJPerformanceTests.m; sourceTree = "<group>"; };
		55AF581C28364B330073E550 /* HJResumableDownloadTests.m */ = {isa = PBXFileReference; fileEncoding = 4; lastKnownFileType = sourcecode.c.objc; path = HJResumableDownloadTests.m; sourceTree = "<group>"; };
		55AF581E28364B330073E550 /* HJTimeoutRequest.m */ = {isa = PBXFileReference; fileEncoding = 4; lastKnownFileType = sourcecode.c.objc; path = HJTimeoutRequest.m; sourceTree = "<group>"; };
		55AF581F28364B330073E550 /* HJJSONValidatorRequest.h */ = {isa = PBXFileReference; fileEncoding = 4; lastKnownFileType = sourcecode.c.h; path = HJJSONValidatorRequest.h; sourceTree = "<group>"; };
		55AF582028364B330073E550 /* HJStatusCodeValidatorRequest.m */ = {isa = PBXFileReference; fileEncoding = 4; lastKnownFileType = sourcecode.c.objc; path = HJStatusCodeValidatorRequest.m; sourceTree = "<group>"; };
		55AF582128364B330073E550 /* HJCustomHeaderFieldRequest.h */ = {isa = PBXFileReference; fileEncoding = 4; lastKnownFileType = sourcecode.c.h; path = HJCustomHeaderFieldRequest.h; sourceTree = "<group>"; };
		55AF582228364B330073E550 /* HJXMLRequest.h */ = {isa = PBXFileReference; fileEncoding = 4; lastKnownFileType = sourcecode.c.h; path = HJXMLRequest.h; sourceTree = "<group>"; };
		55AF582328364B330073E550 /* HJBasicAuthRequest.m */ = {isa = PBXFileReference; fileEncoding = 4; lastKnownFileType = sourcecode.c.objc; path = HJBasicAuthRequest.m; sourceTree = "<group>"; };
		55AF582428364B330073E550 /* HJBasicHTTPRequest.h */ = {isa = PBXFileReference; fileEncoding = 4; lastKnownFileType = sourcecode.c.h; path = HJBasicHTTPRequest.h; sourceTree = "<group>"; };
		55AF582528364B330073E550 /* HJDownloadRequest.h */ = {isa = PBXFileReference; fileEncoding = 4; lastKnownFileType = sourcecode.c.h; path = HJDownloadRequest.h; sourceTree = "<group>"; };
		55AF582628364B330073E550 /* HJCustomCacheRequest.m */ = {isa = PBXFileReference; fileEncoding = 4; lastKnownFileType = sourcecode.c.objc; path = HJCustomCacheRequest.m; sourceTree = "<group>"; };
		55AF582728364B330073E550 /* HJJSONValidatorRequest.m */ = {isa = PBXFileReference; fileEncoding = 4; lastKnownFileType = sourcecode.c.objc; path = HJJSONValidatorRequest.m; sourceTree = "<group>"; };
		55AF582828364B330073E550 /* HJTimeoutRequest.h */ = {isa = PBXFileReference; fileEncoding = 4; lastKnownFileType = sourcecode.c.h; path = HJTimeoutRequest.h; sourceTree = "<group>"; };
		55AF582928364B330073E550 /* HJBasicAuthRequest.h */ = {isa = PBXFileReference; fileEncoding = 4; lastKnownFileType = sourcecode.c.h; path = HJBasicAuthRequest.h; sourceTree = "<group>"; };
		55AF582A28364B330073E550 /* HJXMLRequest.m */ = {isa = PBXFileReference; fileEncoding = 4; lastKnownFileType = sourcecode.c.objc; path = HJXMLRequest.m; sourceTree = "<group>"; };
		55AF582B28364B330073E550 /* HJCustomHeaderFieldRequest.m */ = {isa = PBXFileReference; fileEncoding = 4; lastKnownFileType = sourcecode.c.objc; path = HJCustomHeaderFieldRequest.m; sourceTree = "<group>"; };
		55AF582C28364B330073E550 /* HJStatusCodeValidatorRequest.h */ = {isa = PBXFileReference; fileEncoding = 4; lastKnownFileType = sourcecode.c.h; path = HJStatusCodeValidatorRequest.h; sourceTree = "<group>"; };
		55AF582D28364B330073E550 /* HJBasicHTTPRequest.m */ = {isa = PBXFileReference; fileEncoding = 4; lastKnownFileType = sourcecode.c.objc; path = HJBasicHTTPRequest.m; sourceTree = "<group>"; };
		55AF582E28364B330073E550 /* HJCustomCacheRequest.h */ = {isa = PBXFileReference; fileEncoding = 4; lastKnownFileType = sourcecode.c.h; path = HJCustomCacheRequest.h; sourceTree = "<group>"; };
		55AF582F28364B330073E550 /* HJDownloadRequest.m */ = {isa = PBXFileReference; fileEncoding = 4; lastKnownFileType = sourcecode.c.objc; path = HJDownloadRequest.m; sourceTree = "<group>"; };
		55B1BC162949CAEB005F4C8F /* movie.mp4 */ = {isa = PBXFileReference; lastKnownFileType = file; path = movie.mp4; sourceTree = "<group>"; };
		55B8389E292368B100C62DFE /* DMDNSTest.m */ = {isa = PBXFileReference; fileEncoding = 4; lastKnownFileType = sourcecode.c.objc; path = DMDNSTest.m; sourceTree = "<group>"; };
		55B8389F292368B100C62DFE /* DMDNSTest.h */ = {isa = PBXFileReference; fileEncoding = 4; lastKnownFileType = sourcecode.c.h; path = DMDNSTest.h; sourceTree = "<group>"; };
		55CDCA0A296665CC004CFD5E /* DMCommonRequest.h */ = {isa = PBXFileReference; fileEncoding = 4; lastKnownFileType = sourcecode.c.h; path = DMCommonRequest.h; sourceTree = "<group>"; };
		55CDCA0B296665CC004CFD5E /* DMCommonRequest.m */ = {isa = PBXFileReference; fileEncoding = 4; lastKnownFileType = sourcecode.c.objc; path = DMCommonRequest.m; sourceTree = "<group>"; };
		55D41AA8289BAF5400B9283E /* ImageViewController.h */ = {isa = PBXFileReference; lastKnownFileType = sourcecode.c.h; path = ImageViewController.h; sourceTree = "<group>"; };
		55D41AA9289BAF5400B9283E /* ImageViewController.m */ = {isa = PBXFileReference; lastKnownFileType = sourcecode.c.objc; path = ImageViewController.m; sourceTree = "<group>"; };
		55D41AAE289D002B00B9283E /* test.txt */ = {isa = PBXFileReference; fileEncoding = 4; lastKnownFileType = text; path = test.txt; sourceTree = "<group>"; };
		55D41AB328A1FE4800B9283E /* DMSDWebImageOperation.h */ = {isa = PBXFileReference; fileEncoding = 4; lastKnownFileType = sourcecode.c.h; path = DMSDWebImageOperation.h; sourceTree = "<group>"; };
		55D41AB428A1FE4800B9283E /* DMSDWebImageOperation.m */ = {isa = PBXFileReference; fileEncoding = 4; lastKnownFileType = sourcecode.c.objc; path = DMSDWebImageOperation.m; sourceTree = "<group>"; };
		55F2878C28C71F3B00A96E88 /* HJUploadRequest.h */ = {isa = PBXFileReference; lastKnownFileType = sourcecode.c.h; path = HJUploadRequest.h; sourceTree = "<group>"; };
		55F2878D28C71F3B00A96E88 /* HJUploadRequest.m */ = {isa = PBXFileReference; lastKnownFileType = sourcecode.c.objc; path = HJUploadRequest.m; sourceTree = "<group>"; };
		55FAB01C29DE4E00006FFD8C /* DMSDWebImageManager.h */ = {isa = PBXFileReference; lastKnownFileType = sourcecode.c.h; path = DMSDWebImageManager.h; sourceTree = "<group>"; };
		55FAB01D29DE4E00006FFD8C /* DMSDWebImageManager.m */ = {isa = PBXFileReference; lastKnownFileType = sourcecode.c.objc; path = DMSDWebImageManager.m; sourceTree = "<group>"; };
		55FAB01F29DE50FA006FFD8C /* UIImageView+DM.h */ = {isa = PBXFileReference; fileEncoding = 4; lastKnownFileType = sourcecode.c.h; path = "UIImageView+DM.h"; sourceTree = "<group>"; };
		55FAB02029DE50FA006FFD8C /* UIImageView+DM.m */ = {isa = PBXFileReference; fileEncoding = 4; lastKnownFileType = sourcecode.c.objc; path = "UIImageView+DM.m"; sourceTree = "<group>"; };
		55FB511E2A3301BC00E9BC51 /* DMHTTPSessionManager.h */ = {isa = PBXFileReference; lastKnownFileType = sourcecode.c.h; path = DMHTTPSessionManager.h; sourceTree = "<group>"; };
		55FB511F2A3301BC00E9BC51 /* DMHTTPSessionManager.m */ = {isa = PBXFileReference; lastKnownFileType = sourcecode.c.objc; path = DMHTTPSessionManager.m; sourceTree = "<group>"; };
		843D147DC5BBE7577EC0B837 /* Pods-HJNetworkDemo.release.xcconfig */ = {isa = PBXFileReference; includeInIndex = 1; lastKnownFileType = text.xcconfig; name = "Pods-HJNetworkDemo.release.xcconfig"; path = "Target Support Files/Pods-HJNetworkDemo/Pods-HJNetworkDemo.release.xcconfig"; sourceTree = "<group>"; };
		86D1E32296641C9833046832 /* Pods-HJNetworkDemo-HJNetworkDemoUITests.debug.xcconfig */ = {isa = PBXFileReference; includeInIndex = 1; lastKnownFileType = text.xcconfig; name = "Pods-HJNetworkDemo-HJNetworkDemoUITests.debug.xcconfig"; path = "Target Support Files/Pods-HJNetworkDemo-HJNetworkDemoUITests/Pods-HJNetworkDemo-HJNetworkDemoUITests.debug.xcconfig"; sourceTree = "<group>"; };
		97945B41131A209C14DFE313 /* Pods-HJNetworkDemoTests.debug.xcconfig */ = {isa = PBXFileReference; includeInIndex = 1; lastKnownFileType = text.xcconfig; name = "Pods-HJNetworkDemoTests.debug.xcconfig"; path = "Target Support Files/Pods-HJNetworkDemoTests/Pods-HJNetworkDemoTests.debug.xcconfig"; sourceTree = "<group>"; };
		D1C5B84BF3140E03FD791934 /* Pods-HJNetworkDemo.debug.xcconfig */ = {isa = PBXFileReference; includeInIndex = 1; lastKnownFileType = text.xcconfig; name = "Pods-HJNetworkDemo.debug.xcconfig"; path = "Target Support Files/Pods-HJNetworkDemo/Pods-HJNetworkDemo.debug.xcconfig"; sourceTree = "<group>"; };
		DB98D671979381DA2CFB2108 /* Pods_HJNetworkDemoTests.framework */ = {isa = PBXFileReference; explicitFileType = wrapper.framework; includeInIndex = 0; path = Pods_HJNetworkDemoTests.framework; sourceTree = BUILT_PRODUCTS_DIR; };
/* End PBXFileReference section */

/* Begin PBXFrameworksBuildPhase section */
		55AF5795283634A30073E550 /* Frameworks */ = {
			isa = PBXFrameworksBuildPhase;
			buildActionMask = 2147483647;
			files = (
				C6F0D4B471DEE32041A690D5 /* Pods_HJNetworkDemo.framework in Frameworks */,
			);
			runOnlyForDeploymentPostprocessing = 0;
		};
		55AF57B0283634A50073E550 /* Frameworks */ = {
			isa = PBXFrameworksBuildPhase;
			buildActionMask = 2147483647;
			files = (
				E1DD08EFC7AD7A2B22037B50 /* Pods_HJNetworkDemoTests.framework in Frameworks */,
			);
			runOnlyForDeploymentPostprocessing = 0;
		};
		55AF57BA283634A50073E550 /* Frameworks */ = {
			isa = PBXFrameworksBuildPhase;
			buildActionMask = 2147483647;
			files = (
				39AEF05BF4D6F76FA2EB65F7 /* Pods_HJNetworkDemo_HJNetworkDemoUITests.framework in Frameworks */,
			);
			runOnlyForDeploymentPostprocessing = 0;
		};
/* End PBXFrameworksBuildPhase section */

/* Begin PBXGroup section */
		5515C0442893DAE80008C0CE /* Resource */ = {
			isa = PBXGroup;
			children = (
				55B1BC162949CAEB005F4C8F /* movie.mp4 */,
				55135DD128D179A80028CA16 /* gamker.mp4 */,
				55D41AAE289D002B00B9283E /* test.txt */,
				5515C0452893DB060008C0CE /* head.jpeg */,
			);
			path = Resource;
			sourceTree = "<group>";
		};
		5526E5D32963E1A8004FBC71 /* Upload */ = {
			isa = PBXGroup;
			children = (
				5521D95E289148F300F85AB4 /* DMUploadRequest.h */,
				5521D95F289148F300F85AB4 /* DMUploadRequest.m */,
				550ED6A22BC5440800C349FB /* HJUploadCustomConfig.h */,
				550ED6A32BC5440800C349FB /* HJUploadCustomConfig.m */,
				55F2878C28C71F3B00A96E88 /* HJUploadRequest.h */,
				55F2878D28C71F3B00A96E88 /* HJUploadRequest.m */,
			);
			path = Upload;
			sourceTree = "<group>";
		};
		5526E5D829644236004FBC71 /* Download */ = {
			isa = PBXGroup;
			children = (
				5521D95B2891299100F85AB4 /* DMDownloadRequest.h */,
				5521D95C2891299100F85AB4 /* DMDownloadRequest.m */,
			);
			path = Download;
			sourceTree = "<group>";
		};
		55AF578F283634A30073E550 = {
			isa = PBXGroup;
			children = (
				55AF579A283634A30073E550 /* HJNetworkDemo */,
				55AF57B6283634A50073E550 /* HJNetworkDemoTests */,
				55AF57C0283634A50073E550 /* HJNetworkDemoUITests */,
				55AF5799283634A30073E550 /* Products */,
				C6DB0EEB7AC2CE9C912CE571 /* Pods */,
				8A19305C94152CDE97515886 /* Frameworks */,
			);
			sourceTree = "<group>";
		};
		55AF5799283634A30073E550 /* Products */ = {
			isa = PBXGroup;
			children = (
				55AF5798283634A30073E550 /* HJNetworkDemo.app */,
				55AF57B3283634A50073E550 /* HJNetworkDemoTests.xctest */,
				55AF57BD283634A50073E550 /* HJNetworkDemoUITests.xctest */,
			);
			name = Products;
			sourceTree = "<group>";
		};
		55AF579A283634A30073E550 /* HJNetworkDemo */ = {
			isa = PBXGroup;
			children = (
				55AF57E32836477A0073E550 /* HJNetworkDemo */,
				55AF57A4283634A30073E550 /* Main.storyboard */,
				55AF57A7283634A50073E550 /* Assets.xcassets */,
				55AF57A9283634A50073E550 /* LaunchScreen.storyboard */,
				55AF57AC283634A50073E550 /* Info.plist */,
				55AF57AD283634A50073E550 /* main.m */,
			);
			path = HJNetworkDemo;
			sourceTree = "<group>";
		};
		55AF57B6283634A50073E550 /* HJNetworkDemoTests */ = {
			isa = PBXGroup;
			children = (
				55AF581428364B330073E550 /* TestCases */,
				55AF581D28364B330073E550 /* Requests */,
				55AF580F28364B330073E550 /* Utils */,
				55AF57B7283634A50073E550 /* HJNetworkDemoTests.m */,
			);
			path = HJNetworkDemoTests;
			sourceTree = "<group>";
		};
		55AF57C0283634A50073E550 /* HJNetworkDemoUITests */ = {
			isa = PBXGroup;
			children = (
				55AF57C1283634A50073E550 /* HJNetworkDemoUITests.m */,
				55AF57C3283634A50073E550 /* HJNetworkDemoUITestsLaunchTests.m */,
			);
			path = HJNetworkDemoUITests;
			sourceTree = "<group>";
		};
		55AF57E32836477A0073E550 /* HJNetworkDemo */ = {
			isa = PBXGroup;
			children = (
				55AF57F52836477B0073E550 /* AppDelegate.h */,
				55AF57F72836477B0073E550 /* AppDelegate.m */,
				55AF57E42836477A0073E550 /* BaseNetwork */,
				55AF57E92836477B0073E550 /* Common */,
				55B8389D292368B100C62DFE /* DNS */,
				5526E5D829644236004FBC71 /* Download */,
				55AF57EB2836477B0073E550 /* Request */,
				5515C0442893DAE80008C0CE /* Resource */,
				55FAB01B29DE4DD4006FFD8C /* SDWebImage */,
				5526E5D32963E1A8004FBC71 /* Upload */,
				55AF57F42836477B0073E550 /* ViewController */,
			);
			path = HJNetworkDemo;
			sourceTree = "<group>";
		};
		55AF57E42836477A0073E550 /* BaseNetwork */ = {
			isa = PBXGroup;
			children = (
				55AF57E62836477B0073E550 /* DMBaseRequest.h */,
				55AF57E82836477B0073E550 /* DMBaseRequest.m */,
				55AF57E52836477A0073E550 /* DMBaseUrlFilter.h */,
				55AF57E72836477B0073E550 /* DMBaseUrlFilter.m */,
				55CDCA0A296665CC004CFD5E /* DMCommonRequest.h */,
				55CDCA0B296665CC004CFD5E /* DMCommonRequest.m */,
				55FB511E2A3301BC00E9BC51 /* DMHTTPSessionManager.h */,
				55FB511F2A3301BC00E9BC51 /* DMHTTPSessionManager.m */,
				5592ED9A28BF2F4D002A19D6 /* DMURLProtocol.h */,
				5592ED9B28BF2F4D002A19D6 /* DMURLProtocol.m */,
			);
			path = BaseNetwork;
			sourceTree = "<group>";
		};
		55AF57E92836477B0073E550 /* Common */ = {
			isa = PBXGroup;
			children = (
				55AF57EA2836477B0073E550 /* DMInlineHeader.h */,
			);
			path = Common;
			sourceTree = "<group>";
		};
		55AF57EB2836477B0073E550 /* Request */ = {
			isa = PBXGroup;
			children = (
				5521D95828911FAA00F85AB4 /* DMHTTPRequest.h */,
				5521D95928911FAA00F85AB4 /* DMHTTPRequest.m */,
			);
			path = Request;
			sourceTree = "<group>";
		};
		55AF57F42836477B0073E550 /* ViewController */ = {
			isa = PBXGroup;
			children = (
				55D41AA8289BAF5400B9283E /* ImageViewController.h */,
				55D41AA9289BAF5400B9283E /* ImageViewController.m */,
				55AF580C283649640073E550 /* ViewController.h */,
				55AF580A283649640073E550 /* ViewController.m */,
				5592ED9728BDE86F002A19D6 /* WKWebViewController.h */,
				5592ED9828BDE86F002A19D6 /* WKWebViewController.m */,
			);
			path = ViewController;
			sourceTree = "<group>";
		};
		55AF580F28364B330073E550 /* Utils */ = {
			isa = PBXGroup;
			children = (
				55AF581128364B330073E550 /* HJBasicUrlFilter.h */,
				55AF581228364B330073E550 /* HJBasicUrlFilter.m */,
			);
			path = Utils;
			sourceTree = "<group>";
		};
		55AF581428364B330073E550 /* TestCases */ = {
			isa = PBXGroup;
			children = (
				55AF581628364B330073E550 /* HJConcurrencyTests.m */,
				55AF581A28364B330073E550 /* HJJSONValidatorTests.m */,
				55AF581828364B330073E550 /* HJNetworkRequestTests.m */,
				55AF581B28364B330073E550 /* HJPerformanceTests.m */,
				55AF581728364B330073E550 /* HJRequestFilterTests.m */,
				55AF581C28364B330073E550 /* HJResumableDownloadTests.m */,
				55AF581928364B330073E550 /* HJTestCase.h */,
				55AF581528364B330073E550 /* HJTestCase.m */,
			);
			path = TestCases;
			sourceTree = "<group>";
		};
		55AF581D28364B330073E550 /* Requests */ = {
			isa = PBXGroup;
			children = (
				55AF582928364B330073E550 /* HJBasicAuthRequest.h */,
				55AF582328364B330073E550 /* HJBasicAuthRequest.m */,
				55AF582428364B330073E550 /* HJBasicHTTPRequest.h */,
				55AF582D28364B330073E550 /* HJBasicHTTPRequest.m */,
				55AF582E28364B330073E550 /* HJCustomCacheRequest.h */,
				55AF582628364B330073E550 /* HJCustomCacheRequest.m */,
				55AF582128364B330073E550 /* HJCustomHeaderFieldRequest.h */,
				55AF582B28364B330073E550 /* HJCustomHeaderFieldRequest.m */,
				55AF582528364B330073E550 /* HJDownloadRequest.h */,
				55AF582F28364B330073E550 /* HJDownloadRequest.m */,
				55AF581F28364B330073E550 /* HJJSONValidatorRequest.h */,
				55AF582728364B330073E550 /* HJJSONValidatorRequest.m */,
				55AF582C28364B330073E550 /* HJStatusCodeValidatorRequest.h */,
				55AF582028364B330073E550 /* HJStatusCodeValidatorRequest.m */,
				55AF582828364B330073E550 /* HJTimeoutRequest.h */,
				55AF581E28364B330073E550 /* HJTimeoutRequest.m */,
				55AF582228364B330073E550 /* HJXMLRequest.h */,
				55AF582A28364B330073E550 /* HJXMLRequest.m */,
			);
			path = Requests;
			sourceTree = "<group>";
		};
		55B8389D292368B100C62DFE /* DNS */ = {
			isa = PBXGroup;
			children = (
				55B8389F292368B100C62DFE /* DMDNSTest.h */,
				55B8389E292368B100C62DFE /* DMDNSTest.m */,
			);
			path = DNS;
			sourceTree = "<group>";
		};
		55FAB01B29DE4DD4006FFD8C /* SDWebImage */ = {
			isa = PBXGroup;
			children = (
				55FAB01C29DE4E00006FFD8C /* DMSDWebImageManager.h */,
				55FAB01D29DE4E00006FFD8C /* DMSDWebImageManager.m */,
				55D41AB328A1FE4800B9283E /* DMSDWebImageOperation.h */,
				55D41AB428A1FE4800B9283E /* DMSDWebImageOperation.m */,
				55FAB01F29DE50FA006FFD8C /* UIImageView+DM.h */,
				55FAB02029DE50FA006FFD8C /* UIImageView+DM.m */,
			);
			path = SDWebImage;
			sourceTree = "<group>";
		};
		8A19305C94152CDE97515886 /* Frameworks */ = {
			isa = PBXGroup;
			children = (
				15D8A66B59C34A2B0366C277 /* Pods_HJNetworkDemo.framework */,
				4685473EF44CC83837A7824F /* Pods_HJNetworkDemo_HJNetworkDemoUITests.framework */,
				DB98D671979381DA2CFB2108 /* Pods_HJNetworkDemoTests.framework */,
			);
			name = Frameworks;
			sourceTree = "<group>";
		};
		C6DB0EEB7AC2CE9C912CE571 /* Pods */ = {
			isa = PBXGroup;
			children = (
				D1C5B84BF3140E03FD791934 /* Pods-HJNetworkDemo.debug.xcconfig */,
				843D147DC5BBE7577EC0B837 /* Pods-HJNetworkDemo.release.xcconfig */,
				86D1E32296641C9833046832 /* Pods-HJNetworkDemo-HJNetworkDemoUITests.debug.xcconfig */,
				2E3FCACAA1CC5AA8371EDE90 /* Pods-HJNetworkDemo-HJNetworkDemoUITests.release.xcconfig */,
				97945B41131A209C14DFE313 /* Pods-HJNetworkDemoTests.debug.xcconfig */,
				0BADB3133B3435204D6D8DF7 /* Pods-HJNetworkDemoTests.release.xcconfig */,
			);
			path = Pods;
			sourceTree = "<group>";
		};
/* End PBXGroup section */

/* Begin PBXNativeTarget section */
		55AF5797283634A30073E550 /* HJNetworkDemo */ = {
			isa = PBXNativeTarget;
			buildConfigurationList = 55AF57C7283634A50073E550 /* Build configuration list for PBXNativeTarget "HJNetworkDemo" */;
			buildPhases = (
				882BFECE5D64646B0EF9EA55 /* [CP] Check Pods Manifest.lock */,
				55AF5794283634A30073E550 /* Sources */,
				55AF5795283634A30073E550 /* Frameworks */,
				55AF5796283634A30073E550 /* Resources */,
				A5081DDA1D6C415867383CEB /* [CP] Embed Pods Frameworks */,
			);
			buildRules = (
			);
			dependencies = (
			);
			name = HJNetworkDemo;
			productName = HJNetworkDemo;
			productReference = 55AF5798283634A30073E550 /* HJNetworkDemo.app */;
			productType = "com.apple.product-type.application";
		};
		55AF57B2283634A50073E550 /* HJNetworkDemoTests */ = {
			isa = PBXNativeTarget;
			buildConfigurationList = 55AF57CA283634A50073E550 /* Build configuration list for PBXNativeTarget "HJNetworkDemoTests" */;
			buildPhases = (
				E7479752384E7B0ADE5E4E19 /* [CP] Check Pods Manifest.lock */,
				55AF57AF283634A50073E550 /* Sources */,
				55AF57B0283634A50073E550 /* Frameworks */,
				55AF57B1283634A50073E550 /* Resources */,
			);
			buildRules = (
			);
			dependencies = (
				55AF57B5283634A50073E550 /* PBXTargetDependency */,
			);
			name = HJNetworkDemoTests;
			productName = HJNetworkDemoTests;
			productReference = 55AF57B3283634A50073E550 /* HJNetworkDemoTests.xctest */;
			productType = "com.apple.product-type.bundle.unit-test";
		};
		55AF57BC283634A50073E550 /* HJNetworkDemoUITests */ = {
			isa = PBXNativeTarget;
			buildConfigurationList = 55AF57CD283634A50073E550 /* Build configuration list for PBXNativeTarget "HJNetworkDemoUITests" */;
			buildPhases = (
				1DF6563B3524EBCD275EB1D7 /* [CP] Check Pods Manifest.lock */,
				55AF57B9283634A50073E550 /* Sources */,
				55AF57BA283634A50073E550 /* Frameworks */,
				55AF57BB283634A50073E550 /* Resources */,
				BACC0C93958B77846FA8650C /* [CP] Embed Pods Frameworks */,
			);
			buildRules = (
			);
			dependencies = (
				55AF57BF283634A50073E550 /* PBXTargetDependency */,
			);
			name = HJNetworkDemoUITests;
			productName = HJNetworkDemoUITests;
			productReference = 55AF57BD283634A50073E550 /* HJNetworkDemoUITests.xctest */;
			productType = "com.apple.product-type.bundle.ui-testing";
		};
/* End PBXNativeTarget section */

/* Begin PBXProject section */
		55AF5790283634A30073E550 /* Project object */ = {
			isa = PBXProject;
			attributes = {
				BuildIndependentTargetsInParallel = 1;
				LastUpgradeCheck = 1340;
				TargetAttributes = {
					55AF5797283634A30073E550 = {
						CreatedOnToolsVersion = 13.4;
					};
					55AF57B2283634A50073E550 = {
						CreatedOnToolsVersion = 13.4;
						TestTargetID = 55AF5797283634A30073E550;
					};
					55AF57BC283634A50073E550 = {
						CreatedOnToolsVersion = 13.4;
						TestTargetID = 55AF5797283634A30073E550;
					};
				};
			};
			buildConfigurationList = 55AF5793283634A30073E550 /* Build configuration list for PBXProject "HJNetworkDemo" */;
			compatibilityVersion = "Xcode 13.0";
			developmentRegion = en;
			hasScannedForEncodings = 0;
			knownRegions = (
				en,
				Base,
			);
			mainGroup = 55AF578F283634A30073E550;
			productRefGroup = 55AF5799283634A30073E550 /* Products */;
			projectDirPath = "";
			projectRoot = "";
			targets = (
				55AF5797283634A30073E550 /* HJNetworkDemo */,
				55AF57B2283634A50073E550 /* HJNetworkDemoTests */,
				55AF57BC283634A50073E550 /* HJNetworkDemoUITests */,
			);
		};
/* End PBXProject section */

/* Begin PBXResourcesBuildPhase section */
		55AF5796283634A30073E550 /* Resources */ = {
			isa = PBXResourcesBuildPhase;
			buildActionMask = 2147483647;
			files = (
				55AF57AB283634A50073E550 /* LaunchScreen.storyboard in Resources */,
				55135DD228D179A80028CA16 /* gamker.mp4 in Resources */,
				5515C0462893DB060008C0CE /* head.jpeg in Resources */,
				55AF57A8283634A50073E550 /* Assets.xcassets in Resources */,
				55AF57A6283634A30073E550 /* Main.storyboard in Resources */,
				55D41AAF289D002B00B9283E /* test.txt in Resources */,
				55B1BC172949CAEB005F4C8F /* movie.mp4 in Resources */,
			);
			runOnlyForDeploymentPostprocessing = 0;
		};
		55AF57B1283634A50073E550 /* Resources */ = {
			isa = PBXResourcesBuildPhase;
			buildActionMask = 2147483647;
			files = (
			);
			runOnlyForDeploymentPostprocessing = 0;
		};
		55AF57BB283634A50073E550 /* Resources */ = {
			isa = PBXResourcesBuildPhase;
			buildActionMask = 2147483647;
			files = (
			);
			runOnlyForDeploymentPostprocessing = 0;
		};
/* End PBXResourcesBuildPhase section */

/* Begin PBXShellScriptBuildPhase section */
		1DF6563B3524EBCD275EB1D7 /* [CP] Check Pods Manifest.lock */ = {
			isa = PBXShellScriptBuildPhase;
			buildActionMask = 2147483647;
			files = (
			);
			inputFileListPaths = (
			);
			inputPaths = (
				"${PODS_PODFILE_DIR_PATH}/Podfile.lock",
				"${PODS_ROOT}/Manifest.lock",
			);
			name = "[CP] Check Pods Manifest.lock";
			outputFileListPaths = (
			);
			outputPaths = (
				"$(DERIVED_FILE_DIR)/Pods-HJNetworkDemo-HJNetworkDemoUITests-checkManifestLockResult.txt",
			);
			runOnlyForDeploymentPostprocessing = 0;
			shellPath = /bin/sh;
			shellScript = "diff \"${PODS_PODFILE_DIR_PATH}/Podfile.lock\" \"${PODS_ROOT}/Manifest.lock\" > /dev/null\nif [ $? != 0 ] ; then\n    # print error to STDERR\n    echo \"error: The sandbox is not in sync with the Podfile.lock. Run 'pod install' or update your CocoaPods installation.\" >&2\n    exit 1\nfi\n# This output is used by Xcode 'outputs' to avoid re-running this script phase.\necho \"SUCCESS\" > \"${SCRIPT_OUTPUT_FILE_0}\"\n";
			showEnvVarsInLog = 0;
		};
		882BFECE5D64646B0EF9EA55 /* [CP] Check Pods Manifest.lock */ = {
			isa = PBXShellScriptBuildPhase;
			buildActionMask = 2147483647;
			files = (
			);
			inputFileListPaths = (
			);
			inputPaths = (
				"${PODS_PODFILE_DIR_PATH}/Podfile.lock",
				"${PODS_ROOT}/Manifest.lock",
			);
			name = "[CP] Check Pods Manifest.lock";
			outputFileListPaths = (
			);
			outputPaths = (
				"$(DERIVED_FILE_DIR)/Pods-HJNetworkDemo-checkManifestLockResult.txt",
			);
			runOnlyForDeploymentPostprocessing = 0;
			shellPath = /bin/sh;
			shellScript = "diff \"${PODS_PODFILE_DIR_PATH}/Podfile.lock\" \"${PODS_ROOT}/Manifest.lock\" > /dev/null\nif [ $? != 0 ] ; then\n    # print error to STDERR\n    echo \"error: The sandbox is not in sync with the Podfile.lock. Run 'pod install' or update your CocoaPods installation.\" >&2\n    exit 1\nfi\n# This output is used by Xcode 'outputs' to avoid re-running this script phase.\necho \"SUCCESS\" > \"${SCRIPT_OUTPUT_FILE_0}\"\n";
			showEnvVarsInLog = 0;
		};
		A5081DDA1D6C415867383CEB /* [CP] Embed Pods Frameworks */ = {
			isa = PBXShellScriptBuildPhase;
			buildActionMask = 2147483647;
			files = (
			);
			inputFileListPaths = (
				"${PODS_ROOT}/Target Support Files/Pods-HJNetworkDemo/Pods-HJNetworkDemo-frameworks-${CONFIGURATION}-input-files.xcfilelist",
			);
			name = "[CP] Embed Pods Frameworks";
			outputFileListPaths = (
				"${PODS_ROOT}/Target Support Files/Pods-HJNetworkDemo/Pods-HJNetworkDemo-frameworks-${CONFIGURATION}-output-files.xcfilelist",
			);
			runOnlyForDeploymentPostprocessing = 0;
			shellPath = /bin/sh;
			shellScript = "\"${PODS_ROOT}/Target Support Files/Pods-HJNetworkDemo/Pods-HJNetworkDemo-frameworks.sh\"\n";
			showEnvVarsInLog = 0;
		};
		BACC0C93958B77846FA8650C /* [CP] Embed Pods Frameworks */ = {
			isa = PBXShellScriptBuildPhase;
			buildActionMask = 2147483647;
			files = (
			);
			inputFileListPaths = (
				"${PODS_ROOT}/Target Support Files/Pods-HJNetworkDemo-HJNetworkDemoUITests/Pods-HJNetworkDemo-HJNetworkDemoUITests-frameworks-${CONFIGURATION}-input-files.xcfilelist",
			);
			name = "[CP] Embed Pods Frameworks";
			outputFileListPaths = (
				"${PODS_ROOT}/Target Support Files/Pods-HJNetworkDemo-HJNetworkDemoUITests/Pods-HJNetworkDemo-HJNetworkDemoUITests-frameworks-${CONFIGURATION}-output-files.xcfilelist",
			);
			runOnlyForDeploymentPostprocessing = 0;
			shellPath = /bin/sh;
			shellScript = "\"${PODS_ROOT}/Target Support Files/Pods-HJNetworkDemo-HJNetworkDemoUITests/Pods-HJNetworkDemo-HJNetworkDemoUITests-frameworks.sh\"\n";
			showEnvVarsInLog = 0;
		};
		E7479752384E7B0ADE5E4E19 /* [CP] Check Pods Manifest.lock */ = {
			isa = PBXShellScriptBuildPhase;
			buildActionMask = 2147483647;
			files = (
			);
			inputFileListPaths = (
			);
			inputPaths = (
				"${PODS_PODFILE_DIR_PATH}/Podfile.lock",
				"${PODS_ROOT}/Manifest.lock",
			);
			name = "[CP] Check Pods Manifest.lock";
			outputFileListPaths = (
			);
			outputPaths = (
				"$(DERIVED_FILE_DIR)/Pods-HJNetworkDemoTests-checkManifestLockResult.txt",
			);
			runOnlyForDeploymentPostprocessing = 0;
			shellPath = /bin/sh;
			shellScript = "diff \"${PODS_PODFILE_DIR_PATH}/Podfile.lock\" \"${PODS_ROOT}/Manifest.lock\" > /dev/null\nif [ $? != 0 ] ; then\n    # print error to STDERR\n    echo \"error: The sandbox is not in sync with the Podfile.lock. Run 'pod install' or update your CocoaPods installation.\" >&2\n    exit 1\nfi\n# This output is used by Xcode 'outputs' to avoid re-running this script phase.\necho \"SUCCESS\" > \"${SCRIPT_OUTPUT_FILE_0}\"\n";
			showEnvVarsInLog = 0;
		};
/* End PBXShellScriptBuildPhase section */

/* Begin PBXSourcesBuildPhase section */
		55AF5794283634A30073E550 /* Sources */ = {
			isa = PBXSourcesBuildPhase;
			buildActionMask = 2147483647;
			files = (
				55B838A0292368B100C62DFE /* DMDNSTest.m in Sources */,
				55AF57FF2836477B0073E550 /* DMBaseUrlFilter.m in Sources */,
				55F2878E28C71F3B00A96E88 /* HJUploadRequest.m in Sources */,
				5592ED9C28BF2F4D002A19D6 /* DMURLProtocol.m in Sources */,
				55D41AB528A1FE4800B9283E /* DMSDWebImageOperation.m in Sources */,
				55AF58062836477B0073E550 /* AppDelegate.m in Sources */,
				55AF580E283649640073E550 /* ViewController.m in Sources */,
				55FAB02129DE50FA006FFD8C /* UIImageView+DM.m in Sources */,
				55FB51202A3301BC00E9BC51 /* DMHTTPSessionManager.m in Sources */,
				55FAB01E29DE4E00006FFD8C /* DMSDWebImageManager.m in Sources */,
				5592ED9928BDE86F002A19D6 /* WKWebViewController.m in Sources */,
				55D41AAA289BAF5400B9283E /* ImageViewController.m in Sources */,
				5521D95D2891299100F85AB4 /* DMDownloadRequest.m in Sources */,
				550ED6A42BC5440800C349FB /* HJUploadCustomConfig.m in Sources */,
				5521D960289148F300F85AB4 /* DMUploadRequest.m in Sources */,
				55CDCA0C296665CC004CFD5E /* DMCommonRequest.m in Sources */,
				55AF57AE283634A50073E550 /* main.m in Sources */,
				55AF58002836477B0073E550 /* DMBaseRequest.m in Sources */,
				5521D95A28911FAA00F85AB4 /* DMHTTPRequest.m in Sources */,
			);
			runOnlyForDeploymentPostprocessing = 0;
		};
		55AF57AF283634A50073E550 /* Sources */ = {
			isa = PBXSourcesBuildPhase;
			buildActionMask = 2147483647;
			files = (
				55AF584128364B330073E550 /* HJDownloadRequest.m in Sources */,
				55AF583A28364B330073E550 /* HJStatusCodeValidatorRequest.m in Sources */,
				55AF583B28364B330073E550 /* HJBasicAuthRequest.m in Sources */,
				55AF583228364B330073E550 /* HJTestCase.m in Sources */,
				55AF583728364B330073E550 /* HJPerformanceTests.m in Sources */,
				55AF583E28364B330073E550 /* HJXMLRequest.m in Sources */,
				55AF583028364B330073E550 /* HJBasicUrlFilter.m in Sources */,
				55AF583F28364B330073E550 /* HJCustomHeaderFieldRequest.m in Sources */,
				55AF583528364B330073E550 /* HJNetworkRequestTests.m in Sources */,
				55AF583428364B330073E550 /* HJRequestFilterTests.m in Sources */,
				55AF57B8283634A50073E550 /* HJNetworkDemoTests.m in Sources */,
				55AF583D28364B330073E550 /* HJJSONValidatorRequest.m in Sources */,
				55AF583628364B330073E550 /* HJJSONValidatorTests.m in Sources */,
				55AF583928364B330073E550 /* HJTimeoutRequest.m in Sources */,
				55AF584028364B330073E550 /* HJBasicHTTPRequest.m in Sources */,
				55AF583828364B330073E550 /* HJResumableDownloadTests.m in Sources */,
				55AF583328364B330073E550 /* HJConcurrencyTests.m in Sources */,
				55AF583C28364B330073E550 /* HJCustomCacheRequest.m in Sources */,
			);
			runOnlyForDeploymentPostprocessing = 0;
		};
		55AF57B9283634A50073E550 /* Sources */ = {
			isa = PBXSourcesBuildPhase;
			buildActionMask = 2147483647;
			files = (
				55AF57C4283634A50073E550 /* HJNetworkDemoUITestsLaunchTests.m in Sources */,
				55AF57C2283634A50073E550 /* HJNetworkDemoUITests.m in Sources */,
			);
			runOnlyForDeploymentPostprocessing = 0;
		};
/* End PBXSourcesBuildPhase section */

/* Begin PBXTargetDependency section */
		55AF57B5283634A50073E550 /* PBXTargetDependency */ = {
			isa = PBXTargetDependency;
			target = 55AF5797283634A30073E550 /* HJNetworkDemo */;
			targetProxy = 55AF57B4283634A50073E550 /* PBXContainerItemProxy */;
		};
		55AF57BF283634A50073E550 /* PBXTargetDependency */ = {
			isa = PBXTargetDependency;
			target = 55AF5797283634A30073E550 /* HJNetworkDemo */;
			targetProxy = 55AF57BE283634A50073E550 /* PBXContainerItemProxy */;
		};
/* End PBXTargetDependency section */

/* Begin PBXVariantGroup section */
		55AF57A4283634A30073E550 /* Main.storyboard */ = {
			isa = PBXVariantGroup;
			children = (
				55AF57A5283634A30073E550 /* Base */,
			);
			name = Main.storyboard;
			sourceTree = "<group>";
		};
		55AF57A9283634A50073E550 /* LaunchScreen.storyboard */ = {
			isa = PBXVariantGroup;
			children = (
				55AF57AA283634A50073E550 /* Base */,
			);
			name = LaunchScreen.storyboard;
			sourceTree = "<group>";
		};
/* End PBXVariantGroup section */

/* Begin XCBuildConfiguration section */
		55AF57C5283634A50073E550 /* Debug */ = {
			isa = XCBuildConfiguration;
			buildSettings = {
				ALWAYS_SEARCH_USER_PATHS = NO;
				CLANG_ANALYZER_NONNULL = YES;
				CLANG_ANALYZER_NUMBER_OBJECT_CONVERSION = YES_AGGRESSIVE;
				CLANG_CXX_LANGUAGE_STANDARD = "gnu++17";
				CLANG_ENABLE_MODULES = YES;
				CLANG_ENABLE_OBJC_ARC = YES;
				CLANG_ENABLE_OBJC_WEAK = YES;
				CLANG_WARN_BLOCK_CAPTURE_AUTORELEASING = YES;
				CLANG_WARN_BOOL_CONVERSION = YES;
				CLANG_WARN_COMMA = YES;
				CLANG_WARN_CONSTANT_CONVERSION = YES;
				CLANG_WARN_DEPRECATED_OBJC_IMPLEMENTATIONS = YES;
				CLANG_WARN_DIRECT_OBJC_ISA_USAGE = YES_ERROR;
				CLANG_WARN_DOCUMENTATION_COMMENTS = YES;
				CLANG_WARN_EMPTY_BODY = YES;
				CLANG_WARN_ENUM_CONVERSION = YES;
				CLANG_WARN_INFINITE_RECURSION = YES;
				CLANG_WARN_INT_CONVERSION = YES;
				CLANG_WARN_NON_LITERAL_NULL_CONVERSION = YES;
				CLANG_WARN_OBJC_IMPLICIT_RETAIN_SELF = YES;
				CLANG_WARN_OBJC_LITERAL_CONVERSION = YES;
				CLANG_WARN_OBJC_ROOT_CLASS = YES_ERROR;
				CLANG_WARN_QUOTED_INCLUDE_IN_FRAMEWORK_HEADER = YES;
				CLANG_WARN_RANGE_LOOP_ANALYSIS = YES;
				CLANG_WARN_STRICT_PROTOTYPES = YES;
				CLANG_WARN_SUSPICIOUS_MOVE = YES;
				CLANG_WARN_UNGUARDED_AVAILABILITY = YES_AGGRESSIVE;
				CLANG_WARN_UNREACHABLE_CODE = YES;
				CLANG_WARN__DUPLICATE_METHOD_MATCH = YES;
				COPY_PHASE_STRIP = NO;
				DEBUG_INFORMATION_FORMAT = dwarf;
				ENABLE_STRICT_OBJC_MSGSEND = YES;
				ENABLE_TESTABILITY = YES;
				GCC_C_LANGUAGE_STANDARD = gnu11;
				GCC_DYNAMIC_NO_PIC = NO;
				GCC_NO_COMMON_BLOCKS = YES;
				GCC_OPTIMIZATION_LEVEL = 0;
				GCC_PREPROCESSOR_DEFINITIONS = (
					"DEBUG=1",
					"$(inherited)",
				);
				GCC_WARN_64_TO_32_BIT_CONVERSION = YES;
				GCC_WARN_ABOUT_RETURN_TYPE = YES_ERROR;
				GCC_WARN_UNDECLARED_SELECTOR = YES;
				GCC_WARN_UNINITIALIZED_AUTOS = YES_AGGRESSIVE;
				GCC_WARN_UNUSED_FUNCTION = YES;
				GCC_WARN_UNUSED_VARIABLE = YES;
				IPHONEOS_DEPLOYMENT_TARGET = 9.0;
				MTL_ENABLE_DEBUG_INFO = INCLUDE_SOURCE;
				MTL_FAST_MATH = YES;
				ONLY_ACTIVE_ARCH = YES;
				SDKROOT = iphoneos;
			};
			name = Debug;
		};
		55AF57C6283634A50073E550 /* Release */ = {
			isa = XCBuildConfiguration;
			buildSettings = {
				ALWAYS_SEARCH_USER_PATHS = NO;
				CLANG_ANALYZER_NONNULL = YES;
				CLANG_ANALYZER_NUMBER_OBJECT_CONVERSION = YES_AGGRESSIVE;
				CLANG_CXX_LANGUAGE_STANDARD = "gnu++17";
				CLANG_ENABLE_MODULES = YES;
				CLANG_ENABLE_OBJC_ARC = YES;
				CLANG_ENABLE_OBJC_WEAK = YES;
				CLANG_WARN_BLOCK_CAPTURE_AUTORELEASING = YES;
				CLANG_WARN_BOOL_CONVERSION = YES;
				CLANG_WARN_COMMA = YES;
				CLANG_WARN_CONSTANT_CONVERSION = YES;
				CLANG_WARN_DEPRECATED_OBJC_IMPLEMENTATIONS = YES;
				CLANG_WARN_DIRECT_OBJC_ISA_USAGE = YES_ERROR;
				CLANG_WARN_DOCUMENTATION_COMMENTS = YES;
				CLANG_WARN_EMPTY_BODY = YES;
				CLANG_WARN_ENUM_CONVERSION = YES;
				CLANG_WARN_INFINITE_RECURSION = YES;
				CLANG_WARN_INT_CONVERSION = YES;
				CLANG_WARN_NON_LITERAL_NULL_CONVERSION = YES;
				CLANG_WARN_OBJC_IMPLICIT_RETAIN_SELF = YES;
				CLANG_WARN_OBJC_LITERAL_CONVERSION = YES;
				CLANG_WARN_OBJC_ROOT_CLASS = YES_ERROR;
				CLANG_WARN_QUOTED_INCLUDE_IN_FRAMEWORK_HEADER = YES;
				CLANG_WARN_RANGE_LOOP_ANALYSIS = YES;
				CLANG_WARN_STRICT_PROTOTYPES = YES;
				CLANG_WARN_SUSPICIOUS_MOVE = YES;
				CLANG_WARN_UNGUARDED_AVAILABILITY = YES_AGGRESSIVE;
				CLANG_WARN_UNREACHABLE_CODE = YES;
				CLANG_WARN__DUPLICATE_METHOD_MATCH = YES;
				COPY_PHASE_STRIP = NO;
				DEBUG_INFORMATION_FORMAT = "dwarf-with-dsym";
				ENABLE_NS_ASSERTIONS = NO;
				ENABLE_STRICT_OBJC_MSGSEND = YES;
				GCC_C_LANGUAGE_STANDARD = gnu11;
				GCC_NO_COMMON_BLOCKS = YES;
				GCC_WARN_64_TO_32_BIT_CONVERSION = YES;
				GCC_WARN_ABOUT_RETURN_TYPE = YES_ERROR;
				GCC_WARN_UNDECLARED_SELECTOR = YES;
				GCC_WARN_UNINITIALIZED_AUTOS = YES_AGGRESSIVE;
				GCC_WARN_UNUSED_FUNCTION = YES;
				GCC_WARN_UNUSED_VARIABLE = YES;
				IPHONEOS_DEPLOYMENT_TARGET = 9.0;
				MTL_ENABLE_DEBUG_INFO = NO;
				MTL_FAST_MATH = YES;
				SDKROOT = iphoneos;
				VALIDATE_PRODUCT = YES;
			};
			name = Release;
		};
		55AF57C8283634A50073E550 /* Debug */ = {
			isa = XCBuildConfiguration;
			baseConfigurationReference = D1C5B84BF3140E03FD791934 /* Pods-HJNetworkDemo.debug.xcconfig */;
			buildSettings = {
				ASSETCATALOG_COMPILER_APPICON_NAME = AppIcon;
				ASSETCATALOG_COMPILER_GLOBAL_ACCENT_COLOR_NAME = AccentColor;
				CODE_SIGN_STYLE = Automatic;
				CURRENT_PROJECT_VERSION = 1;
				DEVELOPMENT_TEAM = LJS52UBL9T;
				GENERATE_INFOPLIST_FILE = YES;
				INFOPLIST_FILE = HJNetworkDemo/Info.plist;
				INFOPLIST_KEY_UIApplicationSupportsIndirectInputEvents = YES;
				INFOPLIST_KEY_UILaunchStoryboardName = LaunchScreen;
				INFOPLIST_KEY_UIMainStoryboardFile = Main;
				INFOPLIST_KEY_UISupportedInterfaceOrientations = UIInterfaceOrientationPortrait;
				INFOPLIST_KEY_UISupportedInterfaceOrientations_iPad = "UIInterfaceOrientationPortrait UIInterfaceOrientationPortraitUpsideDown UIInterfaceOrientationLandscapeLeft UIInterfaceOrientationLandscapeRight";
				INFOPLIST_KEY_UISupportedInterfaceOrientations_iPhone = "UIInterfaceOrientationPortrait UIInterfaceOrientationLandscapeLeft UIInterfaceOrientationLandscapeRight";
				LD_RUNPATH_SEARCH_PATHS = (
					"$(inherited)",
					"@executable_path/Frameworks",
				);
				MARKETING_VERSION = 1.0;
				PRODUCT_BUNDLE_IDENTIFIER = navy.HJNetworkDemo;
				PRODUCT_NAME = "$(TARGET_NAME)";
				SWIFT_EMIT_LOC_STRINGS = YES;
				TARGETED_DEVICE_FAMILY = "1,2";
			};
			name = Debug;
		};
		55AF57C9283634A50073E550 /* Release */ = {
			isa = XCBuildConfiguration;
			baseConfigurationReference = 843D147DC5BBE7577EC0B837 /* Pods-HJNetworkDemo.release.xcconfig */;
			buildSettings = {
				ASSETCATALOG_COMPILER_APPICON_NAME = AppIcon;
				ASSETCATALOG_COMPILER_GLOBAL_ACCENT_COLOR_NAME = AccentColor;
				CODE_SIGN_STYLE = Automatic;
				CURRENT_PROJECT_VERSION = 1;
				DEVELOPMENT_TEAM = LJS52UBL9T;
				GENERATE_INFOPLIST_FILE = YES;
				INFOPLIST_FILE = HJNetworkDemo/Info.plist;
				INFOPLIST_KEY_UIApplicationSupportsIndirectInputEvents = YES;
				INFOPLIST_KEY_UILaunchStoryboardName = LaunchScreen;
				INFOPLIST_KEY_UIMainStoryboardFile = Main;
				INFOPLIST_KEY_UISupportedInterfaceOrientations = UIInterfaceOrientationPortrait;
				INFOPLIST_KEY_UISupportedInterfaceOrientations_iPad = "UIInterfaceOrientationPortrait UIInterfaceOrientationPortraitUpsideDown UIInterfaceOrientationLandscapeLeft UIInterfaceOrientationLandscapeRight";
				INFOPLIST_KEY_UISupportedInterfaceOrientations_iPhone = "UIInterfaceOrientationPortrait UIInterfaceOrientationLandscapeLeft UIInterfaceOrientationLandscapeRight";
				LD_RUNPATH_SEARCH_PATHS = (
					"$(inherited)",
					"@executable_path/Frameworks",
				);
				MARKETING_VERSION = 1.0;
				PRODUCT_BUNDLE_IDENTIFIER = navy.HJNetworkDemo;
				PRODUCT_NAME = "$(TARGET_NAME)";
				SWIFT_EMIT_LOC_STRINGS = YES;
				TARGETED_DEVICE_FAMILY = "1,2";
			};
			name = Release;
		};
		55AF57CB283634A50073E550 /* Debug */ = {
			isa = XCBuildConfiguration;
			baseConfigurationReference = 97945B41131A209C14DFE313 /* Pods-HJNetworkDemoTests.debug.xcconfig */;
			buildSettings = {
				BUNDLE_LOADER = "$(TEST_HOST)";
				CODE_SIGN_STYLE = Automatic;
				CURRENT_PROJECT_VERSION = 1;
				DEVELOPMENT_TEAM = LJS52UBL9T;
				GENERATE_INFOPLIST_FILE = YES;
				IPHONEOS_DEPLOYMENT_TARGET = 9.0;
				MARKETING_VERSION = 1.0;
				PRODUCT_BUNDLE_IDENTIFIER = navy.HJNetworkDemoTests;
				PRODUCT_NAME = "$(TARGET_NAME)";
				SWIFT_EMIT_LOC_STRINGS = NO;
				TARGETED_DEVICE_FAMILY = "1,2";
				TEST_HOST = "$(BUILT_PRODUCTS_DIR)/HJNetworkDemo.app/HJNetworkDemo";
			};
			name = Debug;
		};
		55AF57CC283634A50073E550 /* Release */ = {
			isa = XCBuildConfiguration;
			baseConfigurationReference = 0BADB3133B3435204D6D8DF7 /* Pods-HJNetworkDemoTests.release.xcconfig */;
			buildSettings = {
				BUNDLE_LOADER = "$(TEST_HOST)";
				CODE_SIGN_STYLE = Automatic;
				CURRENT_PROJECT_VERSION = 1;
				DEVELOPMENT_TEAM = LJS52UBL9T;
				GENERATE_INFOPLIST_FILE = YES;
				IPHONEOS_DEPLOYMENT_TARGET = 9.0;
				MARKETING_VERSION = 1.0;
				PRODUCT_BUNDLE_IDENTIFIER = navy.HJNetworkDemoTests;
				PRODUCT_NAME = "$(TARGET_NAME)";
				SWIFT_EMIT_LOC_STRINGS = NO;
				TARGETED_DEVICE_FAMILY = "1,2";
				TEST_HOST = "$(BUILT_PRODUCTS_DIR)/HJNetworkDemo.app/HJNetworkDemo";
			};
			name = Release;
		};
		55AF57CE283634A50073E550 /* Debug */ = {
			isa = XCBuildConfiguration;
			baseConfigurationReference = 86D1E32296641C9833046832 /* Pods-HJNetworkDemo-HJNetworkDemoUITests.debug.xcconfig */;
			buildSettings = {
				CODE_SIGN_STYLE = Automatic;
				CURRENT_PROJECT_VERSION = 1;
				DEVELOPMENT_TEAM = LJS52UBL9T;
				GENERATE_INFOPLIST_FILE = YES;
				MARKETING_VERSION = 1.0;
				PRODUCT_BUNDLE_IDENTIFIER = navy.HJNetworkDemoUITests;
				PRODUCT_NAME = "$(TARGET_NAME)";
				SWIFT_EMIT_LOC_STRINGS = NO;
				TARGETED_DEVICE_FAMILY = "1,2";
				TEST_TARGET_NAME = HJNetworkDemo;
			};
			name = Debug;
		};
		55AF57CF283634A50073E550 /* Release */ = {
			isa = XCBuildConfiguration;
			baseConfigurationReference = 2E3FCACAA1CC5AA8371EDE90 /* Pods-HJNetworkDemo-HJNetworkDemoUITests.release.xcconfig */;
			buildSettings = {
				CODE_SIGN_STYLE = Automatic;
				CURRENT_PROJECT_VERSION = 1;
				DEVELOPMENT_TEAM = LJS52UBL9T;
				GENERATE_INFOPLIST_FILE = YES;
				MARKETING_VERSION = 1.0;
				PRODUCT_BUNDLE_IDENTIFIER = navy.HJNetworkDemoUITests;
				PRODUCT_NAME = "$(TARGET_NAME)";
				SWIFT_EMIT_LOC_STRINGS = NO;
				TARGETED_DEVICE_FAMILY = "1,2";
				TEST_TARGET_NAME = HJNetworkDemo;
			};
			name = Release;
		};
/* End XCBuildConfiguration section */

/* Begin XCConfigurationList section */
		55AF5793283634A30073E550 /* Build configuration list for PBXProject "HJNetworkDemo" */ = {
			isa = XCConfigurationList;
			buildConfigurations = (
				55AF57C5283634A50073E550 /* Debug */,
				55AF57C6283634A50073E550 /* Release */,
			);
			defaultConfigurationIsVisible = 0;
			defaultConfigurationName = Release;
		};
		55AF57C7283634A50073E550 /* Build configuration list for PBXNativeTarget "HJNetworkDemo" */ = {
			isa = XCConfigurationList;
			buildConfigurations = (
				55AF57C8283634A50073E550 /* Debug */,
				55AF57C9283634A50073E550 /* Release */,
			);
			defaultConfigurationIsVisible = 0;
			defaultConfigurationName = Release;
		};
		55AF57CA283634A50073E550 /* Build configuration list for PBXNativeTarget "HJNetworkDemoTests" */ = {
			isa = XCConfigurationList;
			buildConfigurations = (
				55AF57CB283634A50073E550 /* Debug */,
				55AF57CC283634A50073E550 /* Release */,
			);
			defaultConfigurationIsVisible = 0;
			defaultConfigurationName = Release;
		};
		55AF57CD283634A50073E550 /* Build configuration list for PBXNativeTarget "HJNetworkDemoUITests" */ = {
			isa = XCConfigurationList;
			buildConfigurations = (
				55AF57CE283634A50073E550 /* Debug */,
				55AF57CF283634A50073E550 /* Release */,
			);
			defaultConfigurationIsVisible = 0;
			defaultConfigurationName = Release;
		};
/* End XCConfigurationList section */
	};
	rootObject = 55AF5790283634A30073E550 /* Project object */;
}
